
Microsoft Visual Studio Solution File, Format Version 12.00
# Visual Studio 15
VisualStudioVersion = 15.0.28307.438
MinimumVisualStudioVersion = 10.0.40219.1
Project("{8BC9CEB8-8B4A-11D0-8D11-00A0C91BC942}") = "Demo", "Demo\Demo.vcxproj", "{1C9A7877-2F97-44A7-AE84-013CED1D6305}"
EndProject
Project("{8BC9CEB8-8B4A-11D0-8D11-00A0C91BC942}") = "Color linez big", "Color linez big\Color linez big.vcxproj", "{C25F7DAC-63AE-4270-980B-4637F47617DF}"
EndProject
Project("{8BC9CEB8-8B4A-11D0-8D11-00A0C91BC942}") = "Extra", "Extra\Extra.vcxproj", "{98262849-83D4-4268-B7C8-A748D1E4539C}"
EndProject
Project("{8BC9CEB8-8B4A-11D0-8D11-00A0C91BC942}") = "Windows-Linux文件格式", "Windows-Linux文件格式\Windows-Linux文件格式.vcxproj", "{E885EE79-38C0-46C5-9929-699FC3F480C1}"
EndProject
Project("{8BC9CEB8-8B4A-11D0-8D11-00A0C91BC942}") = "带参main函数", "带参main函数\带参main函数.vcxproj", "{A5262473-9F2E-4D4A-8E9F-427938C99605}"
EndProject
Project("{8BC9CEB8-8B4A-11D0-8D11-00A0C91BC942}") = "键盘控制光标移动", "键盘控制光标移动\键盘控制光标移动.vcxproj", "{0F045D6A-365C-4D47-801E-B445CE8CD509}"
EndProject
Project("{8BC9CEB8-8B4A-11D0-8D11-00A0C91BC942}") = "解决输入int错误", "解决输入int错误\解决输入int错误.vcxproj", "{E9AB9ECC-350B-4281-B2C9-654002198297}"
EndProject
Project("{8BC9CEB8-8B4A-11D0-8D11-00A0C91BC942}") = "模拟tree命令（Linux）", "模拟tree命令（Linux）\模拟tree命令（Linux）.vcxproj", "{E5494095-2F83-456D-8B6D-FBFE64C06D2E}"
EndProject
Project("{8BC9CEB8-8B4A-11D0-8D11-00A0C91BC942}") = "作业首行检查", "作业首行检查\作业首行检查.vcxproj", "{6C2489A4-540C-42AA-836B-58664E88B774}"
EndProject
Project("{8BC9CEB8-8B4A-11D0-8D11-00A0C91BC942}") = "改游戏配置文件", "改游戏配置文件\改游戏配置文件.vcxproj", "{21A58D5F-C072-4955-A119-3CAB9634663E}"
EndProject
Global
	GlobalSection(SolutionConfigurationPlatforms) = preSolution
		Debug|x64 = Debug|x64
		Debug|x86 = Debug|x86
		Release|x64 = Release|x64
		Release|x86 = Release|x86
	EndGlobalSection
	GlobalSection(ProjectConfigurationPlatforms) = postSolution
		{1C9A7877-2F97-44A7-AE84-013CED1D6305}.Debug|x64.ActiveCfg = Debug|x64
		{1C9A7877-2F97-44A7-AE84-013CED1D6305}.Debug|x64.Build.0 = Debug|x64
		{1C9A7877-2F97-44A7-AE84-013CED1D6305}.Debug|x86.ActiveCfg = Debug|Win32
		{1C9A7877-2F97-44A7-AE84-013CED1D6305}.Debug|x86.Build.0 = Debug|Win32
		{1C9A7877-2F97-44A7-AE84-013CED1D6305}.Release|x64.ActiveCfg = Release|x64
		{1C9A7877-2F97-44A7-AE84-013CED1D6305}.Release|x64.Build.0 = Release|x64
		{1C9A7877-2F97-44A7-AE84-013CED1D6305}.Release|x86.ActiveCfg = Release|Win32
		{1C9A7877-2F97-44A7-AE84-013CED1D6305}.Release|x86.Build.0 = Release|Win32
		{C25F7DAC-63AE-4270-980B-4637F47617DF}.Debug|x64.ActiveCfg = Debug|x64
		{C25F7DAC-63AE-4270-980B-4637F47617DF}.Debug|x64.Build.0 = Debug|x64
		{C25F7DAC-63AE-4270-980B-4637F47617DF}.Debug|x86.ActiveCfg = Debug|Win32
		{C25F7DAC-63AE-4270-980B-4637F47617DF}.Debug|x86.Build.0 = Debug|Win32
		{C25F7DAC-63AE-4270-980B-4637F47617DF}.Release|x64.ActiveCfg = Release|x64
		{C25F7DAC-63AE-4270-980B-4637F47617DF}.Release|x64.Build.0 = Release|x64
		{C25F7DAC-63AE-4270-980B-4637F47617DF}.Release|x86.ActiveCfg = Release|Win32
		{C25F7DAC-63AE-4270-980B-4637F47617DF}.Release|x86.Build.0 = Release|Win32
		{98262849-83D4-4268-B7C8-A748D1E4539C}.Debug|x64.ActiveCfg = Debug|x64
		{98262849-83D4-4268-B7C8-A748D1E4539C}.Debug|x64.Build.0 = Debug|x64
		{98262849-83D4-4268-B7C8-A748D1E4539C}.Debug|x86.ActiveCfg = Debug|Win32
		{98262849-83D4-4268-B7C8-A748D1E4539C}.Debug|x86.Build.0 = Debug|Win32
		{98262849-83D4-4268-B7C8-A748D1E4539C}.Release|x64.ActiveCfg = Release|x64
		{98262849-83D4-4268-B7C8-A748D1E4539C}.Release|x64.Build.0 = Release|x64
		{98262849-83D4-4268-B7C8-A748D1E4539C}.Release|x86.ActiveCfg = Release|Win32
		{98262849-83D4-4268-B7C8-A748D1E4539C}.Release|x86.Build.0 = Release|Win32
		{E885EE79-38C0-46C5-9929-699FC3F480C1}.Debug|x64.ActiveCfg = Debug|x64
		{E885EE79-38C0-46C5-9929-699FC3F480C1}.Debug|x64.Build.0 = Debug|x64
		{E885EE79-38C0-46C5-9929-699FC3F480C1}.Debug|x86.ActiveCfg = Debug|Win32
		{E885EE79-38C0-46C5-9929-699FC3F480C1}.Debug|x86.Build.0 = Debug|Win32
		{E885EE79-38C0-46C5-9929-699FC3F480C1}.Release|x64.ActiveCfg = Release|x64
		{E885EE79-38C0-46C5-9929-699FC3F480C1}.Release|x64.Build.0 = Release|x64
		{E885EE79-38C0-46C5-9929-699FC3F480C1}.Release|x86.ActiveCfg = Release|Win32
		{E885EE79-38C0-46C5-9929-699FC3F480C1}.Release|x86.Build.0 = Release|Win32
		{A5262473-9F2E-4D4A-8E9F-427938C99605}.Debug|x64.ActiveCfg = Debug|x64
		{A5262473-9F2E-4D4A-8E9F-427938C99605}.Debug|x64.Build.0 = Debug|x64
		{A5262473-9F2E-4D4A-8E9F-427938C99605}.Debug|x86.ActiveCfg = Debug|Win32
		{A5262473-9F2E-4D4A-8E9F-427938C99605}.Debug|x86.Build.0 = Debug|Win32
		{A5262473-9F2E-4D4A-8E9F-427938C99605}.Release|x64.ActiveCfg = Release|x64
		{A5262473-9F2E-4D4A-8E9F-427938C99605}.Release|x64.Build.0 = Release|x64
		{A5262473-9F2E-4D4A-8E9F-427938C99605}.Release|x86.ActiveCfg = Release|Win32
		{A5262473-9F2E-4D4A-8E9F-427938C99605}.Release|x86.Build.0 = Release|Win32
		{0F045D6A-365C-4D47-801E-B445CE8CD509}.Debug|x64.ActiveCfg = Debug|x64
		{0F045D6A-365C-4D47-801E-B445CE8CD509}.Debug|x64.Build.0 = Debug|x64
		{0F045D6A-365C-4D47-801E-B445CE8CD509}.Debug|x86.ActiveCfg = Debug|Win32
		{0F045D6A-365C-4D47-801E-B445CE8CD509}.Debug|x86.Build.0 = Debug|Win32
		{0F045D6A-365C-4D47-801E-B445CE8CD509}.Release|x64.ActiveCfg = Release|x64
		{0F045D6A-365C-4D47-801E-B445CE8CD509}.Release|x64.Build.0 = Release|x64
		{0F045D6A-365C-4D47-801E-B445CE8CD509}.Release|x86.ActiveCfg = Release|Win32
		{0F045D6A-365C-4D47-801E-B445CE8CD509}.Release|x86.Build.0 = Release|Win32
		{E9AB9ECC-350B-4281-B2C9-654002198297}.Debug|x64.ActiveCfg = Debug|x64
		{E9AB9ECC-350B-4281-B2C9-654002198297}.Debug|x64.Build.0 = Debug|x64
		{E9AB9ECC-350B-4281-B2C9-654002198297}.Debug|x86.ActiveCfg = Debug|Win32
		{E9AB9ECC-350B-4281-B2C9-654002198297}.Debug|x86.Build.0 = Debug|Win32
		{E9AB9ECC-350B-4281-B2C9-654002198297}.Release|x64.ActiveCfg = Release|x64
		{E9AB9ECC-350B-4281-B2C9-654002198297}.Release|x64.Build.0 = Release|x64
		{E9AB9ECC-350B-4281-B2C9-654002198297}.Release|x86.ActiveCfg = Release|Win32
		{E9AB9ECC-350B-4281-B2C9-654002198297}.Release|x86.Build.0 = Release|Win32
		{E5494095-2F83-456D-8B6D-FBFE64C06D2E}.Debug|x64.ActiveCfg = Debug|x64
		{E5494095-2F83-456D-8B6D-FBFE64C06D2E}.Debug|x64.Build.0 = Debug|x64
		{E5494095-2F83-456D-8B6D-FBFE64C06D2E}.Debug|x86.ActiveCfg = Debug|Win32
		{E5494095-2F83-456D-8B6D-FBFE64C06D2E}.Debug|x86.Build.0 = Debug|Win32
		{E5494095-2F83-456D-8B6D-FBFE64C06D2E}.Release|x64.ActiveCfg = Release|x64
		{E5494095-2F83-456D-8B6D-FBFE64C06D2E}.Release|x64.Build.0 = Release|x64
		{E5494095-2F83-456D-8B6D-FBFE64C06D2E}.Release|x86.ActiveCfg = Release|Win32
		{E5494095-2F83-456D-8B6D-FBFE64C06D2E}.Release|x86.Build.0 = Release|Win32
		{6C2489A4-540C-42AA-836B-58664E88B774}.Debug|x64.ActiveCfg = Debug|x64
		{6C2489A4-540C-42AA-836B-58664E88B774}.Debug|x64.Build.0 = Debug|x64
		{6C2489A4-540C-42AA-836B-58664E88B774}.Debug|x86.ActiveCfg = Debug|Win32
		{6C2489A4-540C-42AA-836B-58664E88B774}.Debug|x86.Build.0 = Debug|Win32
		{6C2489A4-540C-42AA-836B-58664E88B774}.Release|x64.ActiveCfg = Release|x64
		{6C2489A4-540C-42AA-836B-58664E88B774}.Release|x64.Build.0 = Release|x64
		{6C2489A4-540C-42AA-836B-58664E88B774}.Release|x86.ActiveCfg = Release|Win32
		{6C2489A4-540C-42AA-836B-58664E88B774}.Release|x86.Build.0 = Release|Win32
		{21A58D5F-C072-4955-A119-3CAB9634663E}.Debug|x64.ActiveCfg = Debug|x64
		{21A58D5F-C072-4955-A119-3CAB9634663E}.Debug|x64.Build.0 = Debug|x64
		{21A58D5F-C072-4955-A119-3CAB9634663E}.Debug|x86.ActiveCfg = Debug|Win32
		{21A58D5F-C072-4955-A119-3CAB9634663E}.Debug|x86.Build.0 = Debug|Win32
		{21A58D5F-C072-4955-A119-3CAB9634663E}.Release|x64.ActiveCfg = Release|x64
		{21A58D5F-C072-4955-A119-3CAB9634663E}.Release|x64.Build.0 = Release|x64
		{21A58D5F-C072-4955-A119-3CAB9634663E}.Release|x86.ActiveCfg = Release|Win32
		{21A58D5F-C072-4955-A119-3CAB9634663E}.Release|x86.Build.0 = Release|Win32
	EndGlobalSection
	GlobalSection(SolutionProperties) = preSolution
		HideSolutionNode = FALSE
	EndGlobalSection
	GlobalSection(ExtensibilityGlobals) = postSolution
		SolutionGuid = {AA11D497-4206-4F98-9BB9-CDF51F3C1C57}
	EndGlobalSection
EndGlobal
